// !$*UTF8*$!
{
	archiveVersion = 1;
	classes = {
	};
	objectVersion = 56;
	objects = {

/* Begin PBXBuildFile section */
		F776A7C12A8E732400B6F853 /* WidgetKit.framework in Frameworks */ = {isa = PBXBuildFile; fileRef = F776A7942A8E722100B6F853 /* WidgetKit.framework */; };
		F776A7C22A8E732400B6F853 /* SwiftUI.framework in Frameworks */ = {isa = PBXBuildFile; fileRef = F776A7962A8E722100B6F853 /* SwiftUI.framework */; };
		F776A7C52A8E732400B6F853 /* PlaygroundWidgetBundle.swift in Sources */ = {isa = PBXBuildFile; fileRef = F776A7C42A8E732400B6F853 /* PlaygroundWidgetBundle.swift */; };
		F776A7C72A8E732400B6F853 /* PlaygroundWidget.swift in Sources */ = {isa = PBXBuildFile; fileRef = F776A7C62A8E732400B6F853 /* PlaygroundWidget.swift */; };
		F776A7CA2A8E732600B6F853 /* Assets.xcassets in Resources */ = {isa = PBXBuildFile; fileRef = F776A7C92A8E732600B6F853 /* Assets.xcassets */; };
		F776A7CC2A8E732600B6F853 /* PlaygroundWidget.intentdefinition in Sources */ = {isa = PBXBuildFile; fileRef = F776A7C82A8E732400B6F853 /* PlaygroundWidget.intentdefinition */; };
		F776A7CD2A8E732600B6F853 /* PlaygroundWidget.intentdefinition in Sources */ = {isa = PBXBuildFile; fileRef = F776A7C82A8E732400B6F853 /* PlaygroundWidget.intentdefinition */; };
		F776A7D02A8E732600B6F853 /* PlaygroundWidgetExtension.appex in Embed Foundation Extensions */ = {isa = PBXBuildFile; fileRef = F776A7C02A8E732400B6F853 /* PlaygroundWidgetExtension.appex */; settings = {ATTRIBUTES = (RemoveHeadersOnCopy, ); }; };
		F776A7D52A8E773000B6F853 /* SimpleGauge.swift in Sources */ = {isa = PBXBuildFile; fileRef = F7C673D82A8A2A1F00C7CEF3 /* SimpleGauge.swift */; };
		F776A7D62A8E775B00B6F853 /* CircularGradientGauge.swift in Sources */ = {isa = PBXBuildFile; fileRef = F7C673E82A8A2E5400C7CEF3 /* CircularGradientGauge.swift */; };
		F789CE8C2A98982E00A8085A /* View+Extension.swift in Sources */ = {isa = PBXBuildFile; fileRef = F789CE8B2A98982E00A8085A /* View+Extension.swift */; };
		F7C673AA2A8A280200C7CEF3 /* PlaygroundApp.swift in Sources */ = {isa = PBXBuildFile; fileRef = F7C673A92A8A280200C7CEF3 /* PlaygroundApp.swift */; };
		F7C673AC2A8A280200C7CEF3 /* ContentView.swift in Sources */ = {isa = PBXBuildFile; fileRef = F7C673AB2A8A280200C7CEF3 /* ContentView.swift */; };
		F7C673AE2A8A280400C7CEF3 /* Assets.xcassets in Resources */ = {isa = PBXBuildFile; fileRef = F7C673AD2A8A280400C7CEF3 /* Assets.xcassets */; };
		F7C673B12A8A280400C7CEF3 /* Preview Assets.xcassets in Resources */ = {isa = PBXBuildFile; fileRef = F7C673B02A8A280400C7CEF3 /* Preview Assets.xcassets */; };
		F7C673BB2A8A280400C7CEF3 /* PlaygroundTests.swift in Sources */ = {isa = PBXBuildFile; fileRef = F7C673BA2A8A280400C7CEF3 /* PlaygroundTests.swift */; };
		F7C673C52A8A280400C7CEF3 /* PlaygroundUITests.swift in Sources */ = {isa = PBXBuildFile; fileRef = F7C673C42A8A280400C7CEF3 /* PlaygroundUITests.swift */; };
		F7C673C72A8A280400C7CEF3 /* PlaygroundUITestsLaunchTests.swift in Sources */ = {isa = PBXBuildFile; fileRef = F7C673C62A8A280400C7CEF3 /* PlaygroundUITestsLaunchTests.swift */; };
		F7C673D52A8A285F00C7CEF3 /* Gauges.swift in Sources */ = {isa = PBXBuildFile; fileRef = F7C673D42A8A285F00C7CEF3 /* Gauges.swift */; };
		F7C673D62A8A285F00C7CEF3 /* Gauges.swift in Sources */ = {isa = PBXBuildFile; fileRef = F7C673D42A8A285F00C7CEF3 /* Gauges.swift */; };
		F7C673D72A8A285F00C7CEF3 /* Gauges.swift in Sources */ = {isa = PBXBuildFile; fileRef = F7C673D42A8A285F00C7CEF3 /* Gauges.swift */; };
		F7C673D92A8A2A1F00C7CEF3 /* SimpleGauge.swift in Sources */ = {isa = PBXBuildFile; fileRef = F7C673D82A8A2A1F00C7CEF3 /* SimpleGauge.swift */; };
		F7C673DA2A8A2A1F00C7CEF3 /* SimpleGauge.swift in Sources */ = {isa = PBXBuildFile; fileRef = F7C673D82A8A2A1F00C7CEF3 /* SimpleGauge.swift */; };
		F7C673DB2A8A2A1F00C7CEF3 /* SimpleGauge.swift in Sources */ = {isa = PBXBuildFile; fileRef = F7C673D82A8A2A1F00C7CEF3 /* SimpleGauge.swift */; };
		F7C673DD2A8A2AC200C7CEF3 /* LabledGauge.swift in Sources */ = {isa = PBXBuildFile; fileRef = F7C673DC2A8A2AC200C7CEF3 /* LabledGauge.swift */; };
		F7C673DE2A8A2AC200C7CEF3 /* LabledGauge.swift in Sources */ = {isa = PBXBuildFile; fileRef = F7C673DC2A8A2AC200C7CEF3 /* LabledGauge.swift */; };
		F7C673DF2A8A2AC200C7CEF3 /* LabledGauge.swift in Sources */ = {isa = PBXBuildFile; fileRef = F7C673DC2A8A2AC200C7CEF3 /* LabledGauge.swift */; };
		F7C673E12A8A2CD300C7CEF3 /* CircularGauge.swift in Sources */ = {isa = PBXBuildFile; fileRef = F7C673E02A8A2CD300C7CEF3 /* CircularGauge.swift */; };
		F7C673E22A8A2CD300C7CEF3 /* CircularGauge.swift in Sources */ = {isa = PBXBuildFile; fileRef = F7C673E02A8A2CD300C7CEF3 /* CircularGauge.swift */; };
		F7C673E32A8A2CD300C7CEF3 /* CircularGauge.swift in Sources */ = {isa = PBXBuildFile; fileRef = F7C673E02A8A2CD300C7CEF3 /* CircularGauge.swift */; };
		F7C673E52A8A2DDF00C7CEF3 /* CapacityGauge.swift in Sources */ = {isa = PBXBuildFile; fileRef = F7C673E42A8A2DDF00C7CEF3 /* CapacityGauge.swift */; };
		F7C673E62A8A2DDF00C7CEF3 /* CapacityGauge.swift in Sources */ = {isa = PBXBuildFile; fileRef = F7C673E42A8A2DDF00C7CEF3 /* CapacityGauge.swift */; };
		F7C673E72A8A2DDF00C7CEF3 /* CapacityGauge.swift in Sources */ = {isa = PBXBuildFile; fileRef = F7C673E42A8A2DDF00C7CEF3 /* CapacityGauge.swift */; };
		F7C673E92A8A2E5400C7CEF3 /* CircularGradientGauge.swift in Sources */ = {isa = PBXBuildFile; fileRef = F7C673E82A8A2E5400C7CEF3 /* CircularGradientGauge.swift */; };
		F7C673EA2A8A2E5400C7CEF3 /* CircularGradientGauge.swift in Sources */ = {isa = PBXBuildFile; fileRef = F7C673E82A8A2E5400C7CEF3 /* CircularGradientGauge.swift */; };
		F7C673EB2A8A2E5400C7CEF3 /* CircularGradientGauge.swift in Sources */ = {isa = PBXBuildFile; fileRef = F7C673E82A8A2E5400C7CEF3 /* CircularGradientGauge.swift */; };
		F7C673ED2A8A2FE100C7CEF3 /* CapacityGradientGauge.swift in Sources */ = {isa = PBXBuildFile; fileRef = F7C673EC2A8A2FE100C7CEF3 /* CapacityGradientGauge.swift */; };
		F7C673EE2A8A2FE100C7CEF3 /* CapacityGradientGauge.swift in Sources */ = {isa = PBXBuildFile; fileRef = F7C673EC2A8A2FE100C7CEF3 /* CapacityGradientGauge.swift */; };
		F7C673EF2A8A2FE100C7CEF3 /* CapacityGradientGauge.swift in Sources */ = {isa = PBXBuildFile; fileRef = F7C673EC2A8A2FE100C7CEF3 /* CapacityGradientGauge.swift */; };
		F7C673F12A8A309A00C7CEF3 /* SliderGauge.swift in Sources */ = {isa = PBXBuildFile; fileRef = F7C673F02A8A309A00C7CEF3 /* SliderGauge.swift */; };
		F7C673F22A8A309A00C7CEF3 /* SliderGauge.swift in Sources */ = {isa = PBXBuildFile; fileRef = F7C673F02A8A309A00C7CEF3 /* SliderGauge.swift */; };
		F7C673F32A8A309A00C7CEF3 /* SliderGauge.swift in Sources */ = {isa = PBXBuildFile; fileRef = F7C673F02A8A309A00C7CEF3 /* SliderGauge.swift */; };
		F7C673F62A8A323600C7CEF3 /* ProgressViews.swift in Sources */ = {isa = PBXBuildFile; fileRef = F7C673F52A8A323600C7CEF3 /* ProgressViews.swift */; };
		F7C673F72A8A323600C7CEF3 /* ProgressViews.swift in Sources */ = {isa = PBXBuildFile; fileRef = F7C673F52A8A323600C7CEF3 /* ProgressViews.swift */; };
		F7C673F82A8A323600C7CEF3 /* ProgressViews.swift in Sources */ = {isa = PBXBuildFile; fileRef = F7C673F52A8A323600C7CEF3 /* ProgressViews.swift */; };
		F7C673FA2A8A32F100C7CEF3 /* SimpleProgressView.swift in Sources */ = {isa = PBXBuildFile; fileRef = F7C673F92A8A32F100C7CEF3 /* SimpleProgressView.swift */; };
		F7C673FB2A8A32F100C7CEF3 /* SimpleProgressView.swift in Sources */ = {isa = PBXBuildFile; fileRef = F7C673F92A8A32F100C7CEF3 /* SimpleProgressView.swift */; };
		F7C673FC2A8A32F100C7CEF3 /* SimpleProgressView.swift in Sources */ = {isa = PBXBuildFile; fileRef = F7C673F92A8A32F100C7CEF3 /* SimpleProgressView.swift */; };
		F7C673FE2A8A338900C7CEF3 /* RelativeProgressView.swift in Sources */ = {isa = PBXBuildFile; fileRef = F7C673FD2A8A338900C7CEF3 /* RelativeProgressView.swift */; };
		F7C673FF2A8A338900C7CEF3 /* RelativeProgressView.swift in Sources */ = {isa = PBXBuildFile; fileRef = F7C673FD2A8A338900C7CEF3 /* RelativeProgressView.swift */; };
		F7C674002A8A338900C7CEF3 /* RelativeProgressView.swift in Sources */ = {isa = PBXBuildFile; fileRef = F7C673FD2A8A338900C7CEF3 /* RelativeProgressView.swift */; };
		F7C674022A8A33F700C7CEF3 /* RotateProgressView.swift in Sources */ = {isa = PBXBuildFile; fileRef = F7C674012A8A33F700C7CEF3 /* RotateProgressView.swift */; };
		F7C674032A8A33F700C7CEF3 /* RotateProgressView.swift in Sources */ = {isa = PBXBuildFile; fileRef = F7C674012A8A33F700C7CEF3 /* RotateProgressView.swift */; };
		F7C674042A8A33F800C7CEF3 /* RotateProgressView.swift in Sources */ = {isa = PBXBuildFile; fileRef = F7C674012A8A33F700C7CEF3 /* RotateProgressView.swift */; };
		F7C674062A8A342100C7CEF3 /* CircularProgressView.swift in Sources */ = {isa = PBXBuildFile; fileRef = F7C674052A8A342100C7CEF3 /* CircularProgressView.swift */; };
		F7C674072A8A342100C7CEF3 /* CircularProgressView.swift in Sources */ = {isa = PBXBuildFile; fileRef = F7C674052A8A342100C7CEF3 /* CircularProgressView.swift */; };
		F7C674082A8A342100C7CEF3 /* CircularProgressView.swift in Sources */ = {isa = PBXBuildFile; fileRef = F7C674052A8A342100C7CEF3 /* CircularProgressView.swift */; };
		F7C6740C2A8A95C500C7CEF3 /* Pickers.swift in Sources */ = {isa = PBXBuildFile; fileRef = F7C6740B2A8A95C500C7CEF3 /* Pickers.swift */; };
		F7C6740E2A8A960500C7CEF3 /* SimplePicker.swift in Sources */ = {isa = PBXBuildFile; fileRef = F7C6740D2A8A960500C7CEF3 /* SimplePicker.swift */; };
		F7C674102A8A96CE00C7CEF3 /* SegmentPicker.swift in Sources */ = {isa = PBXBuildFile; fileRef = F7C6740F2A8A96CE00C7CEF3 /* SegmentPicker.swift */; };
		F7C674122A8A975100C7CEF3 /* SampleDatePicker.swift in Sources */ = {isa = PBXBuildFile; fileRef = F7C674112A8A975100C7CEF3 /* SampleDatePicker.swift */; };
		F7C674142A8A97E500C7CEF3 /* SampleDatePickerGraphical.swift in Sources */ = {isa = PBXBuildFile; fileRef = F7C674132A8A97E500C7CEF3 /* SampleDatePickerGraphical.swift */; };
		F7C674162A8A984200C7CEF3 /* SampleDatePickerWheel.swift in Sources */ = {isa = PBXBuildFile; fileRef = F7C674152A8A984200C7CEF3 /* SampleDatePickerWheel.swift */; };
		F7C674192A8A9A1B00C7CEF3 /* Misc.swift in Sources */ = {isa = PBXBuildFile; fileRef = F7C674182A8A9A1B00C7CEF3 /* Misc.swift */; };
		F7C6741B2A8A9DC600C7CEF3 /* SampleColorPicker.swift in Sources */ = {isa = PBXBuildFile; fileRef = F7C6741A2A8A9DC600C7CEF3 /* SampleColorPicker.swift */; };
/* End PBXBuildFile section */

/* Begin PBXContainerItemProxy section */
		F776A7CE2A8E732600B6F853 /* PBXContainerItemProxy */ = {
			isa = PBXContainerItemProxy;
			containerPortal = F7C6739E2A8A280200C7CEF3 /* Project object */;
			proxyType = 1;
			remoteGlobalIDString = F776A7BF2A8E732400B6F853;
			remoteInfo = PlaygroundWidgetExtension;
		};
		F7C673B72A8A280400C7CEF3 /* PBXContainerItemProxy */ = {
			isa = PBXContainerItemProxy;
			containerPortal = F7C6739E2A8A280200C7CEF3 /* Project object */;
			proxyType = 1;
			remoteGlobalIDString = F7C673A52A8A280200C7CEF3;
			remoteInfo = Playground;
		};
		F7C673C12A8A280400C7CEF3 /* PBXContainerItemProxy */ = {
			isa = PBXContainerItemProxy;
			containerPortal = F7C6739E2A8A280200C7CEF3 /* Project object */;
			proxyType = 1;
			remoteGlobalIDString = F7C673A52A8A280200C7CEF3;
			remoteInfo = Playground;
		};
/* End PBXContainerItemProxy section */

/* Begin PBXCopyFilesBuildPhase section */
		F776A7A32A8E722300B6F853 /* Embed Foundation Extensions */ = {
			isa = PBXCopyFilesBuildPhase;
			buildActionMask = 2147483647;
			dstPath = "";
			dstSubfolderSpec = 13;
			files = (
				F776A7D02A8E732600B6F853 /* PlaygroundWidgetExtension.appex in Embed Foundation Extensions */,
			);
			name = "Embed Foundation Extensions";
			runOnlyForDeploymentPostprocessing = 0;
		};
/* End PBXCopyFilesBuildPhase section */

/* Begin PBXFileReference section */
		F776A7942A8E722100B6F853 /* WidgetKit.framework */ = {isa = PBXFileReference; lastKnownFileType = wrapper.framework; name = WidgetKit.framework; path = System/Library/Frameworks/WidgetKit.framework; sourceTree = SDKROOT; };
		F776A7962A8E722100B6F853 /* SwiftUI.framework */ = {isa = PBXFileReference; lastKnownFileType = wrapper.framework; name = SwiftUI.framework; path = System/Library/Frameworks/SwiftUI.framework; sourceTree = SDKROOT; };
		F776A7C02A8E732400B6F853 /* PlaygroundWidgetExtension.appex */ = {isa = PBXFileReference; explicitFileType = "wrapper.app-extension"; includeInIndex = 0; path = PlaygroundWidgetExtension.appex; sourceTree = BUILT_PRODUCTS_DIR; };
		F776A7C42A8E732400B6F853 /* PlaygroundWidgetBundle.swift */ = {isa = PBXFileReference; lastKnownFileType = sourcecode.swift; path = PlaygroundWidgetBundle.swift; sourceTree = "<group>"; };
		F776A7C62A8E732400B6F853 /* PlaygroundWidget.swift */ = {isa = PBXFileReference; lastKnownFileType = sourcecode.swift; path = PlaygroundWidget.swift; sourceTree = "<group>"; };
		F776A7C82A8E732400B6F853 /* PlaygroundWidget.intentdefinition */ = {isa = PBXFileReference; lastKnownFileType = file.intentdefinition; path = PlaygroundWidget.intentdefinition; sourceTree = "<group>"; };
		F776A7C92A8E732600B6F853 /* Assets.xcassets */ = {isa = PBXFileReference; lastKnownFileType = folder.assetcatalog; path = Assets.xcassets; sourceTree = "<group>"; };
		F776A7CB2A8E732600B6F853 /* Info.plist */ = {isa = PBXFileReference; lastKnownFileType = text.plist.xml; path = Info.plist; sourceTree = "<group>"; };
		F789CE8B2A98982E00A8085A /* View+Extension.swift */ = {isa = PBXFileReference; lastKnownFileType = sourcecode.swift; path = "View+Extension.swift"; sourceTree = "<group>"; };
		F7C673A62A8A280200C7CEF3 /* Playground.app */ = {isa = PBXFileReference; explicitFileType = wrapper.application; includeInIndex = 0; path = Playground.app; sourceTree = BUILT_PRODUCTS_DIR; };
		F7C673A92A8A280200C7CEF3 /* PlaygroundApp.swift */ = {isa = PBXFileReference; lastKnownFileType = sourcecode.swift; path = PlaygroundApp.swift; sourceTree = "<group>"; };
		F7C673AB2A8A280200C7CEF3 /* ContentView.swift */ = {isa = PBXFileReference; lastKnownFileType = sourcecode.swift; path = ContentView.swift; sourceTree = "<group>"; };
		F7C673AD2A8A280400C7CEF3 /* Assets.xcassets */ = {isa = PBXFileReference; lastKnownFileType = folder.assetcatalog; path = Assets.xcassets; sourceTree = "<group>"; };
		F7C673B02A8A280400C7CEF3 /* Preview Assets.xcassets */ = {isa = PBXFileReference; lastKnownFileType = folder.assetcatalog; path = "Preview Assets.xcassets"; sourceTree = "<group>"; };
		F7C673B62A8A280400C7CEF3 /* PlaygroundTests.xctest */ = {isa = PBXFileReference; explicitFileType = wrapper.cfbundle; includeInIndex = 0; path = PlaygroundTests.xctest; sourceTree = BUILT_PRODUCTS_DIR; };
		F7C673BA2A8A280400C7CEF3 /* PlaygroundTests.swift */ = {isa = PBXFileReference; lastKnownFileType = sourcecode.swift; path = PlaygroundTests.swift; sourceTree = "<group>"; };
		F7C673C02A8A280400C7CEF3 /* PlaygroundUITests.xctest */ = {isa = PBXFileReference; explicitFileType = wrapper.cfbundle; includeInIndex = 0; path = PlaygroundUITests.xctest; sourceTree = BUILT_PRODUCTS_DIR; };
		F7C673C42A8A280400C7CEF3 /* PlaygroundUITests.swift */ = {isa = PBXFileReference; lastKnownFileType = sourcecode.swift; path = PlaygroundUITests.swift; sourceTree = "<group>"; };
		F7C673C62A8A280400C7CEF3 /* PlaygroundUITestsLaunchTests.swift */ = {isa = PBXFileReference; lastKnownFileType = sourcecode.swift; path = PlaygroundUITestsLaunchTests.swift; sourceTree = "<group>"; };
		F7C673D42A8A285F00C7CEF3 /* Gauges.swift */ = {isa = PBXFileReference; lastKnownFileType = sourcecode.swift; path = Gauges.swift; sourceTree = "<group>"; };
		F7C673D82A8A2A1F00C7CEF3 /* SimpleGauge.swift */ = {isa = PBXFileReference; lastKnownFileType = sourcecode.swift; path = SimpleGauge.swift; sourceTree = "<group>"; };
		F7C673DC2A8A2AC200C7CEF3 /* LabledGauge.swift */ = {isa = PBXFileReference; lastKnownFileType = sourcecode.swift; path = LabledGauge.swift; sourceTree = "<group>"; };
		F7C673E02A8A2CD300C7CEF3 /* CircularGauge.swift */ = {isa = PBXFileReference; lastKnownFileType = sourcecode.swift; path = CircularGauge.swift; sourceTree = "<group>"; };
		F7C673E42A8A2DDF00C7CEF3 /* CapacityGauge.swift */ = {isa = PBXFileReference; lastKnownFileType = sourcecode.swift; path = CapacityGauge.swift; sourceTree = "<group>"; };
		F7C673E82A8A2E5400C7CEF3 /* CircularGradientGauge.swift */ = {isa = PBXFileReference; lastKnownFileType = sourcecode.swift; path = CircularGradientGauge.swift; sourceTree = "<group>"; };
		F7C673EC2A8A2FE100C7CEF3 /* CapacityGradientGauge.swift */ = {isa = PBXFileReference; lastKnownFileType = sourcecode.swift; path = CapacityGradientGauge.swift; sourceTree = "<group>"; };
		F7C673F02A8A309A00C7CEF3 /* SliderGauge.swift */ = {isa = PBXFileReference; lastKnownFileType = sourcecode.swift; path = SliderGauge.swift; sourceTree = "<group>"; };
		F7C673F52A8A323600C7CEF3 /* ProgressViews.swift */ = {isa = PBXFileReference; lastKnownFileType = sourcecode.swift; path = ProgressViews.swift; sourceTree = "<group>"; };
		F7C673F92A8A32F100C7CEF3 /* SimpleProgressView.swift */ = {isa = PBXFileReference; lastKnownFileType = sourcecode.swift; path = SimpleProgressView.swift; sourceTree = "<group>"; };
		F7C673FD2A8A338900C7CEF3 /* RelativeProgressView.swift */ = {isa = PBXFileReference; lastKnownFileType = sourcecode.swift; path = RelativeProgressView.swift; sourceTree = "<group>"; };
		F7C674012A8A33F700C7CEF3 /* RotateProgressView.swift */ = {isa = PBXFileReference; lastKnownFileType = sourcecode.swift; path = RotateProgressView.swift; sourceTree = "<group>"; };
		F7C674052A8A342100C7CEF3 /* CircularProgressView.swift */ = {isa = PBXFileReference; lastKnownFileType = sourcecode.swift; path = CircularProgressView.swift; sourceTree = "<group>"; };
		F7C674092A8A8A9700C7CEF3 /* README.md */ = {isa = PBXFileReference; lastKnownFileType = net.daringfireball.markdown; path = README.md; sourceTree = "<group>"; };
		F7C6740B2A8A95C500C7CEF3 /* Pickers.swift */ = {isa = PBXFileReference; lastKnownFileType = sourcecode.swift; path = Pickers.swift; sourceTree = "<group>"; };
		F7C6740D2A8A960500C7CEF3 /* SimplePicker.swift */ = {isa = PBXFileReference; lastKnownFileType = sourcecode.swift; path = SimplePicker.swift; sourceTree = "<group>"; };
		F7C6740F2A8A96CE00C7CEF3 /* SegmentPicker.swift */ = {isa = PBXFileReference; lastKnownFileType = sourcecode.swift; path = SegmentPicker.swift; sourceTree = "<group>"; };
		F7C674112A8A975100C7CEF3 /* SampleDatePicker.swift */ = {isa = PBXFileReference; lastKnownFileType = sourcecode.swift; path = SampleDatePicker.swift; sourceTree = "<group>"; };
		F7C674132A8A97E500C7CEF3 /* SampleDatePickerGraphical.swift */ = {isa = PBXFileReference; lastKnownFileType = sourcecode.swift; path = SampleDatePickerGraphical.swift; sourceTree = "<group>"; };
		F7C674152A8A984200C7CEF3 /* SampleDatePickerWheel.swift */ = {isa = PBXFileReference; lastKnownFileType = sourcecode.swift; path = SampleDatePickerWheel.swift; sourceTree = "<group>"; };
		F7C674182A8A9A1B00C7CEF3 /* Misc.swift */ = {isa = PBXFileReference; lastKnownFileType = sourcecode.swift; path = Misc.swift; sourceTree = "<group>"; };
		F7C6741A2A8A9DC600C7CEF3 /* SampleColorPicker.swift */ = {isa = PBXFileReference; lastKnownFileType = sourcecode.swift; path = SampleColorPicker.swift; sourceTree = "<group>"; };
/* End PBXFileReference section */

/* Begin PBXFrameworksBuildPhase section */
		F776A7BD2A8E732400B6F853 /* Frameworks */ = {
			isa = PBXFrameworksBuildPhase;
			buildActionMask = 2147483647;
			files = (
				F776A7C22A8E732400B6F853 /* SwiftUI.framework in Frameworks */,
				F776A7C12A8E732400B6F853 /* WidgetKit.framework in Frameworks */,
			);
			runOnlyForDeploymentPostprocessing = 0;
		};
		F7C673A32A8A280200C7CEF3 /* Frameworks */ = {
			isa = PBXFrameworksBuildPhase;
			buildActionMask = 2147483647;
			files = (
			);
			runOnlyForDeploymentPostprocessing = 0;
		};
		F7C673B32A8A280400C7CEF3 /* Frameworks */ = {
			isa = PBXFrameworksBuildPhase;
			buildActionMask = 2147483647;
			files = (
			);
			runOnlyForDeploymentPostprocessing = 0;
		};
		F7C673BD2A8A280400C7CEF3 /* Frameworks */ = {
			isa = PBXFrameworksBuildPhase;
			buildActionMask = 2147483647;
			files = (
			);
			runOnlyForDeploymentPostprocessing = 0;
		};
/* End PBXFrameworksBuildPhase section */

/* Begin PBXGroup section */
		F776A7932A8E722100B6F853 /* Frameworks */ = {
			isa = PBXGroup;
			children = (
				F776A7942A8E722100B6F853 /* WidgetKit.framework */,
				F776A7962A8E722100B6F853 /* SwiftUI.framework */,
			);
			name = Frameworks;
			sourceTree = "<group>";
		};
		F776A7C32A8E732400B6F853 /* PlaygroundWidget */ = {
			isa = PBXGroup;
			children = (
				F776A7C42A8E732400B6F853 /* PlaygroundWidgetBundle.swift */,
				F776A7C62A8E732400B6F853 /* PlaygroundWidget.swift */,
				F776A7C82A8E732400B6F853 /* PlaygroundWidget.intentdefinition */,
				F776A7C92A8E732600B6F853 /* Assets.xcassets */,
				F776A7CB2A8E732600B6F853 /* Info.plist */,
			);
			path = PlaygroundWidget;
			sourceTree = "<group>";
		};
		F789CE8A2A98981D00A8085A /* Extensions */ = {
			isa = PBXGroup;
			children = (
				F789CE8B2A98982E00A8085A /* View+Extension.swift */,
			);
			path = Extensions;
			sourceTree = "<group>";
		};
		F7C6739D2A8A280200C7CEF3 = {
			isa = PBXGroup;
			children = (
				F7C674092A8A8A9700C7CEF3 /* README.md */,
				F7C673A82A8A280200C7CEF3 /* Playground */,
				F7C673B92A8A280400C7CEF3 /* PlaygroundTests */,
				F7C673C32A8A280400C7CEF3 /* PlaygroundUITests */,
				F776A7C32A8E732400B6F853 /* PlaygroundWidget */,
				F776A7932A8E722100B6F853 /* Frameworks */,
				F7C673A72A8A280200C7CEF3 /* Products */,
			);
			sourceTree = "<group>";
		};
		F7C673A72A8A280200C7CEF3 /* Products */ = {
			isa = PBXGroup;
			children = (
				F7C673A62A8A280200C7CEF3 /* Playground.app */,
				F7C673B62A8A280400C7CEF3 /* PlaygroundTests.xctest */,
				F7C673C02A8A280400C7CEF3 /* PlaygroundUITests.xctest */,
				F776A7C02A8E732400B6F853 /* PlaygroundWidgetExtension.appex */,
			);
			name = Products;
			sourceTree = "<group>";
		};
		F7C673A82A8A280200C7CEF3 /* Playground */ = {
			isa = PBXGroup;
			children = (
				F789CE8A2A98981D00A8085A /* Extensions */,
				F7C674172A8A9A1000C7CEF3 /* Misc */,
				F7C6740A2A8A95BA00C7CEF3 /* Pickers */,
				F7C673F42A8A322400C7CEF3 /* ProgressViews */,
				F7C673D32A8A282600C7CEF3 /* Gauges */,
				F7C673A92A8A280200C7CEF3 /* PlaygroundApp.swift */,
				F7C673AB2A8A280200C7CEF3 /* ContentView.swift */,
				F7C673AD2A8A280400C7CEF3 /* Assets.xcassets */,
				F7C673AF2A8A280400C7CEF3 /* Preview Content */,
			);
			path = Playground;
			sourceTree = "<group>";
		};
		F7C673AF2A8A280400C7CEF3 /* Preview Content */ = {
			isa = PBXGroup;
			children = (
				F7C673B02A8A280400C7CEF3 /* Preview Assets.xcassets */,
			);
			path = "Preview Content";
			sourceTree = "<group>";
		};
		F7C673B92A8A280400C7CEF3 /* PlaygroundTests */ = {
			isa = PBXGroup;
			children = (
				F7C673BA2A8A280400C7CEF3 /* PlaygroundTests.swift */,
			);
			path = PlaygroundTests;
			sourceTree = "<group>";
		};
		F7C673C32A8A280400C7CEF3 /* PlaygroundUITests */ = {
			isa = PBXGroup;
			children = (
				F7C673C42A8A280400C7CEF3 /* PlaygroundUITests.swift */,
				F7C673C62A8A280400C7CEF3 /* PlaygroundUITestsLaunchTests.swift */,
			);
			path = PlaygroundUITests;
			sourceTree = "<group>";
		};
		F7C673D32A8A282600C7CEF3 /* Gauges */ = {
			isa = PBXGroup;
			children = (
				F7C673D42A8A285F00C7CEF3 /* Gauges.swift */,
				F7C673D82A8A2A1F00C7CEF3 /* SimpleGauge.swift */,
				F7C673DC2A8A2AC200C7CEF3 /* LabledGauge.swift */,
				F7C673E02A8A2CD300C7CEF3 /* CircularGauge.swift */,
				F7C673E42A8A2DDF00C7CEF3 /* CapacityGauge.swift */,
				F7C673E82A8A2E5400C7CEF3 /* CircularGradientGauge.swift */,
				F7C673EC2A8A2FE100C7CEF3 /* CapacityGradientGauge.swift */,
				F7C673F02A8A309A00C7CEF3 /* SliderGauge.swift */,
			);
			path = Gauges;
			sourceTree = "<group>";
		};
		F7C673F42A8A322400C7CEF3 /* ProgressViews */ = {
			isa = PBXGroup;
			children = (
				F7C673F52A8A323600C7CEF3 /* ProgressViews.swift */,
				F7C673F92A8A32F100C7CEF3 /* SimpleProgressView.swift */,
				F7C673FD2A8A338900C7CEF3 /* RelativeProgressView.swift */,
				F7C674012A8A33F700C7CEF3 /* RotateProgressView.swift */,
				F7C674052A8A342100C7CEF3 /* CircularProgressView.swift */,
			);
			path = ProgressViews;
			sourceTree = "<group>";
		};
		F7C6740A2A8A95BA00C7CEF3 /* Pickers */ = {
			isa = PBXGroup;
			children = (
				F7C6740B2A8A95C500C7CEF3 /* Pickers.swift */,
				F7C6740D2A8A960500C7CEF3 /* SimplePicker.swift */,
				F7C6740F2A8A96CE00C7CEF3 /* SegmentPicker.swift */,
				F7C674112A8A975100C7CEF3 /* SampleDatePicker.swift */,
				F7C674132A8A97E500C7CEF3 /* SampleDatePickerGraphical.swift */,
				F7C674152A8A984200C7CEF3 /* SampleDatePickerWheel.swift */,
				F7C6741A2A8A9DC600C7CEF3 /* SampleColorPicker.swift */,
			);
			path = Pickers;
			sourceTree = "<group>";
		};
		F7C674172A8A9A1000C7CEF3 /* Misc */ = {
			isa = PBXGroup;
			children = (
				F7C674182A8A9A1B00C7CEF3 /* Misc.swift */,
			);
			path = Misc;
			sourceTree = "<group>";
		};
/* End PBXGroup section */

/* Begin PBXNativeTarget section */
		F776A7BF2A8E732400B6F853 /* PlaygroundWidgetExtension */ = {
			isa = PBXNativeTarget;
			buildConfigurationList = F776A7D12A8E732600B6F853 /* Build configuration list for PBXNativeTarget "PlaygroundWidgetExtension" */;
			buildPhases = (
				F776A7BC2A8E732400B6F853 /* Sources */,
				F776A7BD2A8E732400B6F853 /* Frameworks */,
				F776A7BE2A8E732400B6F853 /* Resources */,
			);
			buildRules = (
			);
			dependencies = (
			);
			name = PlaygroundWidgetExtension;
			productName = PlaygroundWidgetExtension;
			productReference = F776A7C02A8E732400B6F853 /* PlaygroundWidgetExtension.appex */;
			productType = "com.apple.product-type.app-extension";
		};
		F7C673A52A8A280200C7CEF3 /* Playground */ = {
			isa = PBXNativeTarget;
			buildConfigurationList = F7C673CA2A8A280400C7CEF3 /* Build configuration list for PBXNativeTarget "Playground" */;
			buildPhases = (
				F7C673A22A8A280200C7CEF3 /* Sources */,
				F7C673A32A8A280200C7CEF3 /* Frameworks */,
				F7C673A42A8A280200C7CEF3 /* Resources */,
				F776A7A32A8E722300B6F853 /* Embed Foundation Extensions */,
			);
			buildRules = (
			);
			dependencies = (
				F776A7CF2A8E732600B6F853 /* PBXTargetDependency */,
			);
			name = Playground;
			productName = Playground;
			productReference = F7C673A62A8A280200C7CEF3 /* Playground.app */;
			productType = "com.apple.product-type.application";
		};
		F7C673B52A8A280400C7CEF3 /* PlaygroundTests */ = {
			isa = PBXNativeTarget;
			buildConfigurationList = F7C673CD2A8A280400C7CEF3 /* Build configuration list for PBXNativeTarget "PlaygroundTests" */;
			buildPhases = (
				F7C673B22A8A280400C7CEF3 /* Sources */,
				F7C673B32A8A280400C7CEF3 /* Frameworks */,
				F7C673B42A8A280400C7CEF3 /* Resources */,
			);
			buildRules = (
			);
			dependencies = (
				F7C673B82A8A280400C7CEF3 /* PBXTargetDependency */,
			);
			name = PlaygroundTests;
			productName = PlaygroundTests;
			productReference = F7C673B62A8A280400C7CEF3 /* PlaygroundTests.xctest */;
			productType = "com.apple.product-type.bundle.unit-test";
		};
		F7C673BF2A8A280400C7CEF3 /* PlaygroundUITests */ = {
			isa = PBXNativeTarget;
			buildConfigurationList = F7C673D02A8A280400C7CEF3 /* Build configuration list for PBXNativeTarget "PlaygroundUITests" */;
			buildPhases = (
				F7C673BC2A8A280400C7CEF3 /* Sources */,
				F7C673BD2A8A280400C7CEF3 /* Frameworks */,
				F7C673BE2A8A280400C7CEF3 /* Resources */,
			);
			buildRules = (
			);
			dependencies = (
				F7C673C22A8A280400C7CEF3 /* PBXTargetDependency */,
			);
			name = PlaygroundUITests;
			productName = PlaygroundUITests;
			productReference = F7C673C02A8A280400C7CEF3 /* PlaygroundUITests.xctest */;
			productType = "com.apple.product-type.bundle.ui-testing";
		};
/* End PBXNativeTarget section */

/* Begin PBXProject section */
		F7C6739E2A8A280200C7CEF3 /* Project object */ = {
			isa = PBXProject;
			attributes = {
				BuildIndependentTargetsInParallel = 1;
				LastSwiftUpdateCheck = 1430;
				LastUpgradeCheck = 1430;
				TargetAttributes = {
					F776A7BF2A8E732400B6F853 = {
						CreatedOnToolsVersion = 14.3.1;
					};
					F7C673A52A8A280200C7CEF3 = {
						CreatedOnToolsVersion = 14.3.1;
					};
					F7C673B52A8A280400C7CEF3 = {
						CreatedOnToolsVersion = 14.3.1;
						TestTargetID = F7C673A52A8A280200C7CEF3;
					};
					F7C673BF2A8A280400C7CEF3 = {
						CreatedOnToolsVersion = 14.3.1;
						TestTargetID = F7C673A52A8A280200C7CEF3;
					};
				};
			};
			buildConfigurationList = F7C673A12A8A280200C7CEF3 /* Build configuration list for PBXProject "Playground" */;
			compatibilityVersion = "Xcode 14.0";
			developmentRegion = en;
			hasScannedForEncodings = 0;
			knownRegions = (
				en,
				Base,
			);
			mainGroup = F7C6739D2A8A280200C7CEF3;
			productRefGroup = F7C673A72A8A280200C7CEF3 /* Products */;
			projectDirPath = "";
			projectRoot = "";
			targets = (
				F7C673A52A8A280200C7CEF3 /* Playground */,
				F7C673B52A8A280400C7CEF3 /* PlaygroundTests */,
				F7C673BF2A8A280400C7CEF3 /* PlaygroundUITests */,
				F776A7BF2A8E732400B6F853 /* PlaygroundWidgetExtension */,
			);
		};
/* End PBXProject section */

/* Begin PBXResourcesBuildPhase section */
		F776A7BE2A8E732400B6F853 /* Resources */ = {
			isa = PBXResourcesBuildPhase;
			buildActionMask = 2147483647;
			files = (
				F776A7CA2A8E732600B6F853 /* Assets.xcassets in Resources */,
			);
			runOnlyForDeploymentPostprocessing = 0;
		};
		F7C673A42A8A280200C7CEF3 /* Resources */ = {
			isa = PBXResourcesBuildPhase;
			buildActionMask = 2147483647;
			files = (
				F7C673B12A8A280400C7CEF3 /* Preview Assets.xcassets in Resources */,
				F7C673AE2A8A280400C7CEF3 /* Assets.xcassets in Resources */,
			);
			runOnlyForDeploymentPostprocessing = 0;
		};
		F7C673B42A8A280400C7CEF3 /* Resources */ = {
			isa = PBXResourcesBuildPhase;
			buildActionMask = 2147483647;
			files = (
			);
			runOnlyForDeploymentPostprocessing = 0;
		};
		F7C673BE2A8A280400C7CEF3 /* Resources */ = {
			isa = PBXResourcesBuildPhase;
			buildActionMask = 2147483647;
			files = (
			);
			runOnlyForDeploymentPostprocessing = 0;
		};
/* End PBXResourcesBuildPhase section */

/* Begin PBXSourcesBuildPhase section */
		F776A7BC2A8E732400B6F853 /* Sources */ = {
			isa = PBXSourcesBuildPhase;
			buildActionMask = 2147483647;
			files = (
				F776A7C72A8E732400B6F853 /* PlaygroundWidget.swift in Sources */,
				F776A7CC2A8E732600B6F853 /* PlaygroundWidget.intentdefinition in Sources */,
				F776A7D62A8E775B00B6F853 /* CircularGradientGauge.swift in Sources */,
				F776A7C52A8E732400B6F853 /* PlaygroundWidgetBundle.swift in Sources */,
				F776A7D52A8E773000B6F853 /* SimpleGauge.swift in Sources */,
			);
			runOnlyForDeploymentPostprocessing = 0;
		};
		F7C673A22A8A280200C7CEF3 /* Sources */ = {
			isa = PBXSourcesBuildPhase;
			buildActionMask = 2147483647;
			files = (
				F7C673E12A8A2CD300C7CEF3 /* CircularGauge.swift in Sources */,
				F776A7CD2A8E732600B6F853 /* PlaygroundWidget.intentdefinition in Sources */,
				F7C673FA2A8A32F100C7CEF3 /* SimpleProgressView.swift in Sources */,
				F7C673DD2A8A2AC200C7CEF3 /* LabledGauge.swift in Sources */,
				F7C674142A8A97E500C7CEF3 /* SampleDatePickerGraphical.swift in Sources */,
				F7C673AC2A8A280200C7CEF3 /* ContentView.swift in Sources */,
				F7C674192A8A9A1B00C7CEF3 /* Misc.swift in Sources */,
				F789CE8C2A98982E00A8085A /* View+Extension.swift in Sources */,
				F7C674022A8A33F700C7CEF3 /* RotateProgressView.swift in Sources */,
				F7C673ED2A8A2FE100C7CEF3 /* CapacityGradientGauge.swift in Sources */,
				F7C6741B2A8A9DC600C7CEF3 /* SampleColorPicker.swift in Sources */,
				F7C673F12A8A309A00C7CEF3 /* SliderGauge.swift in Sources */,
				F7C673FE2A8A338900C7CEF3 /* RelativeProgressView.swift in Sources */,
				F7C674122A8A975100C7CEF3 /* SampleDatePicker.swift in Sources */,
				F7C6740E2A8A960500C7CEF3 /* SimplePicker.swift in Sources */,
				F7C673AA2A8A280200C7CEF3 /* PlaygroundApp.swift in Sources */,
				F7C6740C2A8A95C500C7CEF3 /* Pickers.swift in Sources */,
				F7C674102A8A96CE00C7CEF3 /* SegmentPicker.swift in Sources */,
				F7C673E92A8A2E5400C7CEF3 /* CircularGradientGauge.swift in Sources */,
				F7C674162A8A984200C7CEF3 /* SampleDatePickerWheel.swift in Sources */,
				F7C673E52A8A2DDF00C7CEF3 /* CapacityGauge.swift in Sources */,
				F7C673F62A8A323600C7CEF3 /* ProgressViews.swift in Sources */,
				F7C673D52A8A285F00C7CEF3 /* Gauges.swift in Sources */,
				F7C674062A8A342100C7CEF3 /* CircularProgressView.swift in Sources */,
				F7C673D92A8A2A1F00C7CEF3 /* SimpleGauge.swift in Sources */,
			);
			runOnlyForDeploymentPostprocessing = 0;
		};
		F7C673B22A8A280400C7CEF3 /* Sources */ = {
			isa = PBXSourcesBuildPhase;
			buildActionMask = 2147483647;
			files = (
				F7C673F22A8A309A00C7CEF3 /* SliderGauge.swift in Sources */,
				F7C673FF2A8A338900C7CEF3 /* RelativeProgressView.swift in Sources */,
				F7C673F72A8A323600C7CEF3 /* ProgressViews.swift in Sources */,
				F7C673DA2A8A2A1F00C7CEF3 /* SimpleGauge.swift in Sources */,
				F7C673DE2A8A2AC200C7CEF3 /* LabledGauge.swift in Sources */,
				F7C674032A8A33F700C7CEF3 /* RotateProgressView.swift in Sources */,
				F7C673BB2A8A280400C7CEF3 /* PlaygroundTests.swift in Sources */,
				F7C673EE2A8A2FE100C7CEF3 /* CapacityGradientGauge.swift in Sources */,
				F7C673D62A8A285F00C7CEF3 /* Gauges.swift in Sources */,
				F7C673E22A8A2CD300C7CEF3 /* CircularGauge.swift in Sources */,
				F7C674072A8A342100C7CEF3 /* CircularProgressView.swift in Sources */,
				F7C673E62A8A2DDF00C7CEF3 /* CapacityGauge.swift in Sources */,
				F7C673FB2A8A32F100C7CEF3 /* SimpleProgressView.swift in Sources */,
				F7C673EA2A8A2E5400C7CEF3 /* CircularGradientGauge.swift in Sources */,
			);
			runOnlyForDeploymentPostprocessing = 0;
		};
		F7C673BC2A8A280400C7CEF3 /* Sources */ = {
			isa = PBXSourcesBuildPhase;
			buildActionMask = 2147483647;
			files = (
				F7C673E32A8A2CD300C7CEF3 /* CircularGauge.swift in Sources */,
				F7C673FC2A8A32F100C7CEF3 /* SimpleProgressView.swift in Sources */,
				F7C673DF2A8A2AC200C7CEF3 /* LabledGauge.swift in Sources */,
				F7C673C52A8A280400C7CEF3 /* PlaygroundUITests.swift in Sources */,
				F7C674042A8A33F800C7CEF3 /* RotateProgressView.swift in Sources */,
				F7C673EF2A8A2FE100C7CEF3 /* CapacityGradientGauge.swift in Sources */,
				F7C673F32A8A309A00C7CEF3 /* SliderGauge.swift in Sources */,
				F7C674002A8A338900C7CEF3 /* RelativeProgressView.swift in Sources */,
				F7C673C72A8A280400C7CEF3 /* PlaygroundUITestsLaunchTests.swift in Sources */,
				F7C673EB2A8A2E5400C7CEF3 /* CircularGradientGauge.swift in Sources */,
				F7C673E72A8A2DDF00C7CEF3 /* CapacityGauge.swift in Sources */,
				F7C673F82A8A323600C7CEF3 /* ProgressViews.swift in Sources */,
				F7C673D72A8A285F00C7CEF3 /* Gauges.swift in Sources */,
				F7C674082A8A342100C7CEF3 /* CircularProgressView.swift in Sources */,
				F7C673DB2A8A2A1F00C7CEF3 /* SimpleGauge.swift in Sources */,
			);
			runOnlyForDeploymentPostprocessing = 0;
		};
/* End PBXSourcesBuildPhase section */

/* Begin PBXTargetDependency section */
		F776A7CF2A8E732600B6F853 /* PBXTargetDependency */ = {
			isa = PBXTargetDependency;
			target = F776A7BF2A8E732400B6F853 /* PlaygroundWidgetExtension */;
			targetProxy = F776A7CE2A8E732600B6F853 /* PBXContainerItemProxy */;
		};
		F7C673B82A8A280400C7CEF3 /* PBXTargetDependency */ = {
			isa = PBXTargetDependency;
			target = F7C673A52A8A280200C7CEF3 /* Playground */;
			targetProxy = F7C673B72A8A280400C7CEF3 /* PBXContainerItemProxy */;
		};
		F7C673C22A8A280400C7CEF3 /* PBXTargetDependency */ = {
			isa = PBXTargetDependency;
			target = F7C673A52A8A280200C7CEF3 /* Playground */;
			targetProxy = F7C673C12A8A280400C7CEF3 /* PBXContainerItemProxy */;
		};
/* End PBXTargetDependency section */

/* Begin XCBuildConfiguration section */
		F776A7D22A8E732600B6F853 /* Debug */ = {
			isa = XCBuildConfiguration;
			buildSettings = {
				ASSETCATALOG_COMPILER_GLOBAL_ACCENT_COLOR_NAME = AccentColor;
				ASSETCATALOG_COMPILER_WIDGET_BACKGROUND_COLOR_NAME = WidgetBackground;
				CODE_SIGN_STYLE = Automatic;
				CURRENT_PROJECT_VERSION = 1;
				DEVELOPMENT_TEAM = 9P3SFAC639;
				GENERATE_INFOPLIST_FILE = YES;
				INFOPLIST_FILE = PlaygroundWidget/Info.plist;
				INFOPLIST_KEY_CFBundleDisplayName = PlaygroundWidget;
				INFOPLIST_KEY_NSHumanReadableCopyright = "";
				LD_RUNPATH_SEARCH_PATHS = (
					"$(inherited)",
					"@executable_path/Frameworks",
					"@executable_path/../../Frameworks",
				);
				MARKETING_VERSION = 1.0;
				PRODUCT_BUNDLE_IDENTIFIER = de.makapre.Playground.PlaygroundWidget;
				PRODUCT_NAME = "$(TARGET_NAME)";
				SKIP_INSTALL = YES;
				SWIFT_EMIT_LOC_STRINGS = YES;
				SWIFT_VERSION = 5.0;
				TARGETED_DEVICE_FAMILY = "1,2";
			};
			name = Debug;
		};
		F776A7D32A8E732600B6F853 /* Release */ = {
			isa = XCBuildConfiguration;
			buildSettings = {
				ASSETCATALOG_COMPILER_GLOBAL_ACCENT_COLOR_NAME = AccentColor;
				ASSETCATALOG_COMPILER_WIDGET_BACKGROUND_COLOR_NAME = WidgetBackground;
				CODE_SIGN_STYLE = Automatic;
				CURRENT_PROJECT_VERSION = 1;
				DEVELOPMENT_TEAM = 9P3SFAC639;
				GENERATE_INFOPLIST_FILE = YES;
				INFOPLIST_FILE = PlaygroundWidget/Info.plist;
				INFOPLIST_KEY_CFBundleDisplayName = PlaygroundWidget;
				INFOPLIST_KEY_NSHumanReadableCopyright = "";
				LD_RUNPATH_SEARCH_PATHS = (
					"$(inherited)",
					"@executable_path/Frameworks",
					"@executable_path/../../Frameworks",
				);
				MARKETING_VERSION = 1.0;
				PRODUCT_BUNDLE_IDENTIFIER = de.makapre.Playground.PlaygroundWidget;
				PRODUCT_NAME = "$(TARGET_NAME)";
				SKIP_INSTALL = YES;
				SWIFT_EMIT_LOC_STRINGS = YES;
				SWIFT_VERSION = 5.0;
				TARGETED_DEVICE_FAMILY = "1,2";
			};
			name = Release;
		};
		F7C673C82A8A280400C7CEF3 /* Debug */ = {
			isa = XCBuildConfiguration;
			buildSettings = {
				ALWAYS_SEARCH_USER_PATHS = NO;
				CLANG_ANALYZER_NONNULL = YES;
				CLANG_ANALYZER_NUMBER_OBJECT_CONVERSION = YES_AGGRESSIVE;
				CLANG_CXX_LANGUAGE_STANDARD = "gnu++20";
				CLANG_ENABLE_MODULES = YES;
				CLANG_ENABLE_OBJC_ARC = YES;
				CLANG_ENABLE_OBJC_WEAK = YES;
				CLANG_WARN_BLOCK_CAPTURE_AUTORELEASING = YES;
				CLANG_WARN_BOOL_CONVERSION = YES;
				CLANG_WARN_COMMA = YES;
				CLANG_WARN_CONSTANT_CONVERSION = YES;
				CLANG_WARN_DEPRECATED_OBJC_IMPLEMENTATIONS = YES;
				CLANG_WARN_DIRECT_OBJC_ISA_USAGE = YES_ERROR;
				CLANG_WARN_DOCUMENTATION_COMMENTS = YES;
				CLANG_WARN_EMPTY_BODY = YES;
				CLANG_WARN_ENUM_CONVERSION = YES;
				CLANG_WARN_INFINITE_RECURSION = YES;
				CLANG_WARN_INT_CONVERSION = YES;
				CLANG_WARN_NON_LITERAL_NULL_CONVERSION = YES;
				CLANG_WARN_OBJC_IMPLICIT_RETAIN_SELF = YES;
				CLANG_WARN_OBJC_LITERAL_CONVERSION = YES;
				CLANG_WARN_OBJC_ROOT_CLASS = YES_ERROR;
				CLANG_WARN_QUOTED_INCLUDE_IN_FRAMEWORK_HEADER = YES;
				CLANG_WARN_RANGE_LOOP_ANALYSIS = YES;
				CLANG_WARN_STRICT_PROTOTYPES = YES;
				CLANG_WARN_SUSPICIOUS_MOVE = YES;
				CLANG_WARN_UNGUARDED_AVAILABILITY = YES_AGGRESSIVE;
				CLANG_WARN_UNREACHABLE_CODE = YES;
				CLANG_WARN__DUPLICATE_METHOD_MATCH = YES;
				COPY_PHASE_STRIP = NO;
				DEBUG_INFORMATION_FORMAT = dwarf;
				ENABLE_STRICT_OBJC_MSGSEND = YES;
				ENABLE_TESTABILITY = YES;
				GCC_C_LANGUAGE_STANDARD = gnu11;
				GCC_DYNAMIC_NO_PIC = NO;
				GCC_NO_COMMON_BLOCKS = YES;
				GCC_OPTIMIZATION_LEVEL = 0;
				GCC_PREPROCESSOR_DEFINITIONS = (
					"DEBUG=1",
					"$(inherited)",
				);
				GCC_WARN_64_TO_32_BIT_CONVERSION = YES;
				GCC_WARN_ABOUT_RETURN_TYPE = YES_ERROR;
				GCC_WARN_UNDECLARED_SELECTOR = YES;
				GCC_WARN_UNINITIALIZED_AUTOS = YES_AGGRESSIVE;
				GCC_WARN_UNUSED_FUNCTION = YES;
				GCC_WARN_UNUSED_VARIABLE = YES;
				IPHONEOS_DEPLOYMENT_TARGET = 16.4;
				MTL_ENABLE_DEBUG_INFO = INCLUDE_SOURCE;
				MTL_FAST_MATH = YES;
				ONLY_ACTIVE_ARCH = YES;
				SDKROOT = iphoneos;
				SWIFT_ACTIVE_COMPILATION_CONDITIONS = DEBUG;
				SWIFT_OPTIMIZATION_LEVEL = "-Onone";
			};
			name = Debug;
		};
		F7C673C92A8A280400C7CEF3 /* Release */ = {
			isa = XCBuildConfiguration;
			buildSettings = {
				ALWAYS_SEARCH_USER_PATHS = NO;
				CLANG_ANALYZER_NONNULL = YES;
				CLANG_ANALYZER_NUMBER_OBJECT_CONVERSION = YES_AGGRESSIVE;
				CLANG_CXX_LANGUAGE_STANDARD = "gnu++20";
				CLANG_ENABLE_MODULES = YES;
				CLANG_ENABLE_OBJC_ARC = YES;
				CLANG_ENABLE_OBJC_WEAK = YES;
				CLANG_WARN_BLOCK_CAPTURE_AUTORELEASING = YES;
				CLANG_WARN_BOOL_CONVERSION = YES;
				CLANG_WARN_COMMA = YES;
				CLANG_WARN_CONSTANT_CONVERSION = YES;
				CLANG_WARN_DEPRECATED_OBJC_IMPLEMENTATIONS = YES;
				CLANG_WARN_DIRECT_OBJC_ISA_USAGE = YES_ERROR;
				CLANG_WARN_DOCUMENTATION_COMMENTS = YES;
				CLANG_WARN_EMPTY_BODY = YES;
				CLANG_WARN_ENUM_CONVERSION = YES;
				CLANG_WARN_INFINITE_RECURSION = YES;
				CLANG_WARN_INT_CONVERSION = YES;
				CLANG_WARN_NON_LITERAL_NULL_CONVERSION = YES;
				CLANG_WARN_OBJC_IMPLICIT_RETAIN_SELF = YES;
				CLANG_WARN_OBJC_LITERAL_CONVERSION = YES;
				CLANG_WARN_OBJC_ROOT_CLASS = YES_ERROR;
				CLANG_WARN_QUOTED_INCLUDE_IN_FRAMEWORK_HEADER = YES;
				CLANG_WARN_RANGE_LOOP_ANALYSIS = YES;
				CLANG_WARN_STRICT_PROTOTYPES = YES;
				CLANG_WARN_SUSPICIOUS_MOVE = YES;
				CLANG_WARN_UNGUARDED_AVAILABILITY = YES_AGGRESSIVE;
				CLANG_WARN_UNREACHABLE_CODE = YES;
				CLANG_WARN__DUPLICATE_METHOD_MATCH = YES;
				COPY_PHASE_STRIP = NO;
				DEBUG_INFORMATION_FORMAT = "dwarf-with-dsym";
				ENABLE_NS_ASSERTIONS = NO;
				ENABLE_STRICT_OBJC_MSGSEND = YES;
				GCC_C_LANGUAGE_STANDARD = gnu11;
				GCC_NO_COMMON_BLOCKS = YES;
				GCC_WARN_64_TO_32_BIT_CONVERSION = YES;
				GCC_WARN_ABOUT_RETURN_TYPE = YES_ERROR;
				GCC_WARN_UNDECLARED_SELECTOR = YES;
				GCC_WARN_UNINITIALIZED_AUTOS = YES_AGGRESSIVE;
				GCC_WARN_UNUSED_FUNCTION = YES;
				GCC_WARN_UNUSED_VARIABLE = YES;
				IPHONEOS_DEPLOYMENT_TARGET = 16.4;
				MTL_ENABLE_DEBUG_INFO = NO;
				MTL_FAST_MATH = YES;
				SDKROOT = iphoneos;
				SWIFT_COMPILATION_MODE = wholemodule;
				SWIFT_OPTIMIZATION_LEVEL = "-O";
				VALIDATE_PRODUCT = YES;
			};
			name = Release;
		};
		F7C673CB2A8A280400C7CEF3 /* Debug */ = {
			isa = XCBuildConfiguration;
			buildSettings = {
				ALWAYS_EMBED_SWIFT_STANDARD_LIBRARIES = YES;
				ASSETCATALOG_COMPILER_APPICON_NAME = AppIcon;
				ASSETCATALOG_COMPILER_GLOBAL_ACCENT_COLOR_NAME = AccentColor;
				CODE_SIGN_STYLE = Automatic;
				CURRENT_PROJECT_VERSION = 1;
				DEVELOPMENT_ASSET_PATHS = "\"Playground/Preview Content\"";
				DEVELOPMENT_TEAM = 9P3SFAC639;
				ENABLE_PREVIEWS = YES;
				GENERATE_INFOPLIST_FILE = YES;
				INFOPLIST_KEY_UIApplicationSceneManifest_Generation = YES;
				INFOPLIST_KEY_UIApplicationSupportsIndirectInputEvents = YES;
				INFOPLIST_KEY_UILaunchScreen_Generation = YES;
				INFOPLIST_KEY_UISupportedInterfaceOrientations_iPad = "UIInterfaceOrientationPortrait UIInterfaceOrientationPortraitUpsideDown UIInterfaceOrientationLandscapeLeft UIInterfaceOrientationLandscapeRight";
				INFOPLIST_KEY_UISupportedInterfaceOrientations_iPhone = "UIInterfaceOrientationPortrait UIInterfaceOrientationLandscapeLeft UIInterfaceOrientationLandscapeRight";
				LD_RUNPATH_SEARCH_PATHS = (
					"$(inherited)",
					"@executable_path/Frameworks",
				);
				MARKETING_VERSION = 1.0;
				PRODUCT_BUNDLE_IDENTIFIER = de.makapre.Playground;
				PRODUCT_NAME = "$(TARGET_NAME)";
				SUPPORTED_PLATFORMS = "iphoneos iphonesimulator";
				SUPPORTS_MACCATALYST = NO;
				SUPPORTS_MAC_DESIGNED_FOR_IPHONE_IPAD = YES;
				SWIFT_EMIT_LOC_STRINGS = YES;
				SWIFT_VERSION = 5.0;
				TARGETED_DEVICE_FAMILY = "1,2";
			};
			name = Debug;
		};
		F7C673CC2A8A280400C7CEF3 /* Release */ = {
			isa = XCBuildConfiguration;
			buildSettings = {
				ALWAYS_EMBED_SWIFT_STANDARD_LIBRARIES = YES;
				ASSETCATALOG_COMPILER_APPICON_NAME = AppIcon;
				ASSETCATALOG_COMPILER_GLOBAL_ACCENT_COLOR_NAME = AccentColor;
				CODE_SIGN_STYLE = Automatic;
				CURRENT_PROJECT_VERSION = 1;
				DEVELOPMENT_ASSET_PATHS = "\"Playground/Preview Content\"";
				DEVELOPMENT_TEAM = 9P3SFAC639;
				ENABLE_PREVIEWS = YES;
				GENERATE_INFOPLIST_FILE = YES;
				INFOPLIST_KEY_UIApplicationSceneManifest_Generation = YES;
				INFOPLIST_KEY_UIApplicationSupportsIndirectInputEvents = YES;
				INFOPLIST_KEY_UILaunchScreen_Generation = YES;
				INFOPLIST_KEY_UISupportedInterfaceOrientations_iPad = "UIInterfaceOrientationPortrait UIInterfaceOrientationPortraitUpsideDown UIInterfaceOrientationLandscapeLeft UIInterfaceOrientationLandscapeRight";
				INFOPLIST_KEY_UISupportedInterfaceOrientations_iPhone = "UIInterfaceOrientationPortrait UIInterfaceOrientationLandscapeLeft UIInterfaceOrientationLandscapeRight";
				LD_RUNPATH_SEARCH_PATHS = (
					"$(inherited)",
					"@executable_path/Frameworks",
				);
				MARKETING_VERSION = 1.0;
				PRODUCT_BUNDLE_IDENTIFIER = de.makapre.Playground;
				PRODUCT_NAME = "$(TARGET_NAME)";
				SUPPORTED_PLATFORMS = "iphoneos iphonesimulator";
				SUPPORTS_MACCATALYST = NO;
				SUPPORTS_MAC_DESIGNED_FOR_IPHONE_IPAD = YES;
				SWIFT_EMIT_LOC_STRINGS = YES;
				SWIFT_VERSION = 5.0;
				TARGETED_DEVICE_FAMILY = "1,2";
			};
			name = Release;
		};
		F7C673CE2A8A280400C7CEF3 /* Debug */ = {
			isa = XCBuildConfiguration;
			buildSettings = {
				ALWAYS_EMBED_SWIFT_STANDARD_LIBRARIES = YES;
				BUNDLE_LOADER = "$(TEST_HOST)";
				CODE_SIGN_STYLE = Automatic;
				CURRENT_PROJECT_VERSION = 1;
				DEVELOPMENT_TEAM = 9P3SFAC639;
				GENERATE_INFOPLIST_FILE = YES;
				IPHONEOS_DEPLOYMENT_TARGET = 16.4;
				MARKETING_VERSION = 1.0;
				PRODUCT_BUNDLE_IDENTIFIER = de.makapre.PlaygroundTests;
				PRODUCT_NAME = "$(TARGET_NAME)";
				SWIFT_EMIT_LOC_STRINGS = NO;
				SWIFT_VERSION = 5.0;
				TARGETED_DEVICE_FAMILY = "1,2";
				TEST_HOST = "$(BUILT_PRODUCTS_DIR)/Playground.app/$(BUNDLE_EXECUTABLE_FOLDER_PATH)/Playground";
			};
			name = Debug;
		};
		F7C673CF2A8A280400C7CEF3 /* Release */ = {
			isa = XCBuildConfiguration;
			buildSettings = {
				ALWAYS_EMBED_SWIFT_STANDARD_LIBRARIES = YES;
				BUNDLE_LOADER = "$(TEST_HOST)";
				CODE_SIGN_STYLE = Automatic;
				CURRENT_PROJECT_VERSION = 1;
				DEVELOPMENT_TEAM = 9P3SFAC639;
				GENERATE_INFOPLIST_FILE = YES;
				IPHONEOS_DEPLOYMENT_TARGET = 16.4;
				MARKETING_VERSION = 1.0;
				PRODUCT_BUNDLE_IDENTIFIER = de.makapre.PlaygroundTests;
				PRODUCT_NAME = "$(TARGET_NAME)";
				SWIFT_EMIT_LOC_STRINGS = NO;
				SWIFT_VERSION = 5.0;
				TARGETED_DEVICE_FAMILY = "1,2";
				TEST_HOST = "$(BUILT_PRODUCTS_DIR)/Playground.app/$(BUNDLE_EXECUTABLE_FOLDER_PATH)/Playground";
			};
			name = Release;
		};
		F7C673D12A8A280400C7CEF3 /* Debug */ = {
			isa = XCBuildConfiguration;
			buildSettings = {
				ALWAYS_EMBED_SWIFT_STANDARD_LIBRARIES = YES;
				CODE_SIGN_STYLE = Automatic;
				CURRENT_PROJECT_VERSION = 1;
				DEVELOPMENT_TEAM = 9P3SFAC639;
				GENERATE_INFOPLIST_FILE = YES;
				MARKETING_VERSION = 1.0;
				PRODUCT_BUNDLE_IDENTIFIER = de.makapre.PlaygroundUITests;
				PRODUCT_NAME = "$(TARGET_NAME)";
				SWIFT_EMIT_LOC_STRINGS = NO;
				SWIFT_VERSION = 5.0;
				TARGETED_DEVICE_FAMILY = "1,2";
				TEST_TARGET_NAME = Playground;
			};
			name = Debug;
		};
		F7C673D22A8A280400C7CEF3 /* Release */ = {
			isa = XCBuildConfiguration;
			buildSettings = {
				ALWAYS_EMBED_SWIFT_STANDARD_LIBRARIES = YES;
				CODE_SIGN_STYLE = Automatic;
				CURRENT_PROJECT_VERSION = 1;
				DEVELOPMENT_TEAM = 9P3SFAC639;
				GENERATE_INFOPLIST_FILE = YES;
				MARKETING_VERSION = 1.0;
				PRODUCT_BUNDLE_IDENTIFIER = de.makapre.PlaygroundUITests;
				PRODUCT_NAME = "$(TARGET_NAME)";
				SWIFT_EMIT_LOC_STRINGS = NO;
				SWIFT_VERSION = 5.0;
				TARGETED_DEVICE_FAMILY = "1,2";
				TEST_TARGET_NAME = Playground;
			};
			name = Release;
		};
/* End XCBuildConfiguration section */

/* Begin XCConfigurationList section */
		F776A7D12A8E732600B6F853 /* Build configuration list for PBXNativeTarget "PlaygroundWidgetExtension" */ = {
			isa = XCConfigurationList;
			buildConfigurations = (
				F776A7D22A8E732600B6F853 /* Debug */,
				F776A7D32A8E732600B6F853 /* Release */,
			);
			defaultConfigurationIsVisible = 0;
			defaultConfigurationName = Release;
		};
		F7C673A12A8A280200C7CEF3 /* Build configuration list for PBXProject "Playground" */ = {
			isa = XCConfigurationList;
			buildConfigurations = (
				F7C673C82A8A280400C7CEF3 /* Debug */,
				F7C673C92A8A280400C7CEF3 /* Release */,
			);
			defaultConfigurationIsVisible = 0;
			defaultConfigurationName = Release;
		};
		F7C673CA2A8A280400C7CEF3 /* Build configuration list for PBXNativeTarget "Playground" */ = {
			isa = XCConfigurationList;
			buildConfigurations = (
				F7C673CB2A8A280400C7CEF3 /* Debug */,
				F7C673CC2A8A280400C7CEF3 /* Release */,
			);
			defaultConfigurationIsVisible = 0;
			defaultConfigurationName = Release;
		};
		F7C673CD2A8A280400C7CEF3 /* Build configuration list for PBXNativeTarget "PlaygroundTests" */ = {
			isa = XCConfigurationList;
			buildConfigurations = (
				F7C673CE2A8A280400C7CEF3 /* Debug */,
				F7C673CF2A8A280400C7CEF3 /* Release */,
			);
			defaultConfigurationIsVisible = 0;
			defaultConfigurationName = Release;
		};
		F7C673D02A8A280400C7CEF3 /* Build configuration list for PBXNativeTarget "PlaygroundUITests" */ = {
			isa = XCConfigurationList;
			buildConfigurations = (
				F7C673D12A8A280400C7CEF3 /* Debug */,
				F7C673D22A8A280400C7CEF3 /* Release */,
			);
			defaultConfigurationIsVisible = 0;
			defaultConfigurationName = Release;
		};
/* End XCConfigurationList section */
	};
	rootObject = F7C6739E2A8A280200C7CEF3 /* Project object */;
}
